
Microsoft Visual Studio Solution File, Format Version 12.00
# Visual Studio Version 17
VisualStudioVersion = 17.6.33829.357
MinimumVisualStudioVersion = 10.0.40219.1
Project("{FAE04EC0-301F-11D3-BF4B-00C04F79EFBC}") = "GeicoRateCalculator", "GeicoRateCalculator.csproj", "{245691DE-51C1-4AA6-842C-22B2007A0351}"
EndProject
Global
	GlobalSection(SolutionConfigurationPlatforms) = preSolution
		Debug|Any CPU = Debug|Any CPU
		Release|Any CPU = Release|Any CPU
	EndGlobalSection
	GlobalSection(ProjectConfigurationPlatforms) = postSolution
		{245691DE-51C1-4AA6-842C-22B2007A0351}.Debug|Any CPU.ActiveCfg = Debug|Any CPU
		{245691DE-51C1-4AA6-842C-22B2007A0351}.Debug|Any CPU.Build.0 = Debug|Any CPU
		{245691DE-51C1-4AA6-842C-22B2007A0351}.Release|Any CPU.ActiveCfg = Release|Any CPU
		{245691DE-51C1-4AA6-842C-22B2007A0351}.Release|Any CPU.Build.0 = Release|Any CPU
	EndGlobalSection
	GlobalSection(SolutionProperties) = preSolution
		HideSolutionNode = FALSE
	EndGlobalSection
	GlobalSection(ExtensibilityGlobals) = postSolution
		SolutionGuid = {6BEA5B18-FAB3-47C5-9AB3-4666C7AF2BCF}
	EndGlobalSection
EndGlobal
